lockfileVersion: '9.0'

settings:
  autoInstallPeers: true
  excludeLinksFromLockfile: false

importers:

  .:
    dependencies:
      crypto-js:
        specifier: ^4.2.0
        version: 4.2.0
      dotenv:
        specifier: ^16.4.5
        version: 16.6.1
      moment:
        specifier: ^2.30.1
        version: 2.30.1
      vpe-drm-helper:
        specifier: ^0.1.6
        version: 0.1.9

packages:

  crypto-js@4.2.0:
    resolution: {integrity: sha512-KALDyEYgpY+Rlob/iriUtjV6d5Eq+Y191A5g4UqLAi8CyGP9N1+FdVbkc1SxKc2r4YAYqG8JzO2KGL+AizD70Q==}

  dotenv@16.6.1:
    resolution: {integrity: sha512-uBq4egWHTcTt33a72vpSG0z3HnPuIl6NqYcTrKEg2azoEyl2hpW0zqlxysq2pK9HlDIHyHyakeYaYnSAwd8bow==}
    engines: {node: '>=12'}

  moment@2.30.1:
    resolution: {integrity: sha512-uEmtNhbDOrWPFS+hdjFCBfy9f2YoyzRpwcl+DqpC6taX21FzsTLQVbMV/W7PzNSX6x/bhC1zA3c2UQ5NzH6how==}

  vpe-drm-helper@0.1.9:
    resolution: {integrity: sha512-ClPPb0rwSioosvd7xfN7PY8Z9NJZ6K3MT824cAOLVIzJ0dKoFZX5Eo4//ppEj1wHtmfQspgZ22gnaXTDZs751Q==}

snapshots:

  crypto-js@4.2.0: {}

  dotenv@16.6.1: {}

  moment@2.30.1: {}

  vpe-drm-helper@0.1.9:
    dependencies:
      dotenv: 16.6.1
      moment: 2.30.1
